
Microsoft Visual Studio Solution File, Format Version 12.00
# Visual Studio 15
VisualStudioVersion = 15.0.27130.2010
MinimumVisualStudioVersion = 10.0.40219.1
Project("{9A19103F-16F7-4668-BE54-9A1E7A4F7556}") = "SigmaCloudManager", "SigmaCloudManager\SigmaCloudManager.csproj", "{43B39BF0-4739-4405-BBEA-E6501681699D}"
EndProject
Global
	GlobalSection(SolutionConfigurationPlatforms) = preSolution
		Debug|Any CPU = Debug|Any CPU
		Release|Any CPU = Release|Any CPU
	EndGlobalSection
	GlobalSection(ProjectConfigurationPlatforms) = postSolution
		{43B39BF0-4739-4405-BBEA-E6501681699D}.Debug|Any CPU.ActiveCfg = Debug|Any CPU
		{43B39BF0-4739-4405-BBEA-E6501681699D}.Debug|Any CPU.Build.0 = Debug|Any CPU
		{43B39BF0-4739-4405-BBEA-E6501681699D}.Release|Any CPU.ActiveCfg = Release|Any CPU
		{43B39BF0-4739-4405-BBEA-E6501681699D}.Release|Any CPU.Build.0 = Release|Any CPU
	EndGlobalSection
	GlobalSection(SolutionProperties) = preSolution
		HideSolutionNode = FALSE
	EndGlobalSection
	GlobalSection(ExtensibilityGlobals) = postSolution
		SolutionGuid = {7A9C005F-EE05-4454-A5A3-11AB5DC30DA9}
	EndGlobalSection
EndGlobal
